
Microsoft Visual Studio Solution File, Format Version 12.00
# Visual Studio Version 16
VisualStudioVersion = 16.0.33920.266
MinimumVisualStudioVersion = 10.0.40219.1
Project("{FAE04EC0-301F-11D3-BF4B-00C04F79EFBC}") = "PracticaArreglos", "PracticaArreglos\PracticaArreglos.csproj", "{E037D608-4AB6-4669-B3DF-8484BE52A18B}"
EndProject
Project("{FAE04EC0-301F-11D3-BF4B-00C04F79EFBC}") = "Proyecto9", "Proyecto9\Proyecto9.csproj", "{67C7FC25-A2DC-4416-A9E5-96254E081C12}"
EndProject
Global
	GlobalSection(SolutionConfigurationPlatforms) = preSolution
		Debug|Any CPU = Debug|Any CPU
		Release|Any CPU = Release|Any CPU
	EndGlobalSection
	GlobalSection(ProjectConfigurationPlatforms) = postSolution
		{E037D608-4AB6-4669-B3DF-8484BE52A18B}.Debug|Any CPU.ActiveCfg = Debug|Any CPU
		{E037D608-4AB6-4669-B3DF-8484BE52A18B}.Debug|Any CPU.Build.0 = Debug|Any CPU
		{E037D608-4AB6-4669-B3DF-8484BE52A18B}.Release|Any CPU.ActiveCfg = Release|Any CPU
		{E037D608-4AB6-4669-B3DF-8484BE52A18B}.Release|Any CPU.Build.0 = Release|Any CPU
		{67C7FC25-A2DC-4416-A9E5-96254E081C12}.Debug|Any CPU.ActiveCfg = Debug|Any CPU
		{67C7FC25-A2DC-4416-A9E5-96254E081C12}.Debug|Any CPU.Build.0 = Debug|Any CPU
		{67C7FC25-A2DC-4416-A9E5-96254E081C12}.Release|Any CPU.ActiveCfg = Release|Any CPU
		{67C7FC25-A2DC-4416-A9E5-96254E081C12}.Release|Any CPU.Build.0 = Release|Any CPU
	EndGlobalSection
	GlobalSection(SolutionProperties) = preSolution
		HideSolutionNode = FALSE
	EndGlobalSection
	GlobalSection(ExtensibilityGlobals) = postSolution
		SolutionGuid = {7D326851-C341-4A9D-9778-A17C328EEB4F}
	EndGlobalSection
EndGlobal
